
Microsoft Visual Studio Solution File, Format Version 12.00
# Visual Studio 2013
VisualStudioVersion = 12.0.31101.0
MinimumVisualStudioVersion = 10.0.40219.1
Project("{FAE04EC0-301F-11D3-BF4B-00C04F79EFBC}") = "Presentacion", "Presentacion\Presentacion.csproj", "{129A2EE8-58C3-454E-B613-374DC905B95E}"
EndProject
Project("{FAE04EC0-301F-11D3-BF4B-00C04F79EFBC}") = "Datos", "Datos\Datos.csproj", "{47A49017-2D2C-4D0D-BE41-B99FAF036BC6}"
EndProject
Global
	GlobalSection(SolutionConfigurationPlatforms) = preSolution
		Debug|Any CPU = Debug|Any CPU
		Release|Any CPU = Release|Any CPU
	EndGlobalSection
	GlobalSection(ProjectConfigurationPlatforms) = postSolution
		{129A2EE8-58C3-454E-B613-374DC905B95E}.Debug|Any CPU.ActiveCfg = Debug|Any CPU
		{129A2EE8-58C3-454E-B613-374DC905B95E}.Debug|Any CPU.Build.0 = Debug|Any CPU
		{129A2EE8-58C3-454E-B613-374DC905B95E}.Release|Any CPU.ActiveCfg = Release|Any CPU
		{129A2EE8-58C3-454E-B613-374DC905B95E}.Release|Any CPU.Build.0 = Release|Any CPU
		{47A49017-2D2C-4D0D-BE41-B99FAF036BC6}.Debug|Any CPU.ActiveCfg = Debug|Any CPU
		{47A49017-2D2C-4D0D-BE41-B99FAF036BC6}.Debug|Any CPU.Build.0 = Debug|Any CPU
		{47A49017-2D2C-4D0D-BE41-B99FAF036BC6}.Release|Any CPU.ActiveCfg = Release|Any CPU
		{47A49017-2D2C-4D0D-BE41-B99FAF036BC6}.Release|Any CPU.Build.0 = Release|Any CPU
	EndGlobalSection
	GlobalSection(SolutionProperties) = preSolution
		HideSolutionNode = FALSE
	EndGlobalSection
EndGlobal
